
Microsoft Visual Studio Solution File, Format Version 12.00
# Visual Studio Version 16
VisualStudioVersion = 16.0.31911.196
MinimumVisualStudioVersion = 10.0.40219.1
Project("{888888A0-9F3D-457C-B088-3A5042F75D52}") = "Day 10", "Day 10\Day 10.pyproj", "{C68F33F0-A140-40A1-9478-FE4AEBF6C4EA}"
EndProject
Global
	GlobalSection(SolutionConfigurationPlatforms) = preSolution
		Debug|Any CPU = Debug|Any CPU
		Release|Any CPU = Release|Any CPU
	EndGlobalSection
	GlobalSection(ProjectConfigurationPlatforms) = postSolution
		{C68F33F0-A140-40A1-9478-FE4AEBF6C4EA}.Debug|Any CPU.ActiveCfg = Debug|Any CPU
		{C68F33F0-A140-40A1-9478-FE4AEBF6C4EA}.Release|Any CPU.ActiveCfg = Release|Any CPU
	EndGlobalSection
	GlobalSection(SolutionProperties) = preSolution
		HideSolutionNode = FALSE
	EndGlobalSection
	GlobalSection(ExtensibilityGlobals) = postSolution
		SolutionGuid = {2D1838C8-48A4-4E95-8016-079C3E1D055E}
	EndGlobalSection
EndGlobal
